{
    "version": 3,
    "terraform_version": "0.11.13",
    "serial": 1,
    "lineage": "af54a489-9a38-0237-000f-922e8a79a796",
    "modules": [
        {
            "path": [
                "root"
            ],
            "outputs": {},
            "resources": {},
            "depends_on": []
        },
        {
            "path": [
                "root",
                "gke"
            ],
            "outputs": {
                "client_certificate": {
                    "sensitive": true,
                    "type": "string",
                    "value": ""
                },
                "client_key": {
                    "sensitive": true,
                    "type": "string",
                    "value": ""
                },
                "cluster_ca_certificate": {
                    "sensitive": true,
                    "type": "string",
                    "value": "LS0tLS1CRUdJTiBDRVJUSUZJQ0FURS0tLS0tCk1JSURERENDQWZTZ0F3SUJBZ0lSQU9aUjBoOHBLdUtIRmdNZWVvYXVKcVl3RFFZSktvWklodmNOQVFFTEJRQXcKTHpFdE1Dc0dBMVVFQXhNa1pUY3hNelkwT0dJdE4yTXdNQzAwTWpreExXRmxNakF0TlRjMk5HTTFaREJsTkRZMgpNQjRYRFRFNU1EWXlNREEzTXpNeU1Gb1hEVEkwTURZeE9EQTRNek15TUZvd0x6RXRNQ3NHQTFVRUF4TWtaVGN4Ck16WTBPR0l0TjJNd01DMDBNamt4TFdGbE1qQXROVGMyTkdNMVpEQmxORFkyTUlJQklqQU5CZ2txaGtpRzl3MEIKQVFFRkFBT0NBUThBTUlJQkNnS0NBUUVBdlVKWCs5ZXIydzdkWVpqYUNCU3ZVWDhMYnJOVTF5V1AxR1JMRE84cwpwaE4zaUJZRjFUTWFQeHEwb3BVdzRWQnRjVHdFdW9sekJ0NzFhS0hKUzZqcGZIaGx1dVY0WFBpV0tkUENubGVhCnhDekRweVNOQU1SWWpydlV2d3BoNHRZN3dnSHdlMHU5dU5PWGxLeDVsSkY4WGU4ekJMMXNqZnQ3RFZzVGNNeVEKQm03TG5hTUc0TUFnR0R3Qkt5WTBtbU1tSjg3N0pTZ05Ya25nVW1EQ3pKc3FoNXpNR1ZXTVNBUEJLZnJBNTMzMAo1UkZsTTZvZGlFQUhPSVU2SEhhMWRmTXF6M1hROGVaMzNNZ2djM3JCaDVCOHNQbkdLdmljeC9SZ0YrTnhkS0RrCkNtemY3Rk5XSnM4ZUwxWGJISEZiQTNNNzdweUpPTnI3bnRjQnlYTUpybkRPYndJREFRQUJveU13SVRBT0JnTlYKSFE4QkFmOEVCQU1DQWdRd0R3WURWUjBUQVFIL0JBVXdBd0VCL3pBTkJna3Foa2lHOXcwQkFRc0ZBQU9DQVFFQQpKcDkyTUthRFJPVC92NkRCWjA4dnVpdXVTY1Z3NnZYQm5QU3NYWHI5NlZzUkFUb0lnejkvR2VtbkY3Wk9IcFU1CkQwa3JCUUpQbktWcFFMRWxmUEJ4ajVlTHBYY2tWa0dxMFZqVkNleDlHN0Y0Zmd3N0FhMmhZRHZ1QStrY290U1gKSGk1TnJ1cUJEZVpITG5JRnFiUk12VEVYZVlxSXJOdSsxMEthL3h3UGJ6c0FsdWxlQUtKUFg0SVBkRTRmMUFjUwpWMWpNWC9pc21sSUtmSExsYWlFK2ZBZ1dUK2dIcS9vTDdtWE9ydXcvZzk1R0lBNmdFaS9JZS9IWGlHTmlYeFJZCkZtMzNiSDJRRFlSak9zSlJKM0dMazFoc0pTeG9Ca01RU0c2QVZJakVtV0VqYk1MNWJqKzNncVlaZlRDNWxoSFMKVmw2dDNtYmsvS3JSamtIeWltQ1FFdz09Ci0tLS0tRU5EIENFUlRJRklDQVRFLS0tLS0K"
                },
                "host": {
                    "sensitive": true,
                    "type": "string",
                    "value": "35.237.22.18"
                }
            },
            "resources": {
                "google_container_cluster.k8s-demo1": {
                    "type": "google_container_cluster",
                    "depends_on": [],
                    "primary": {
                        "id": "k8s-demo1",
                        "attributes": {
                            "additional_zones.#": "0",
                            "addons_config.#": "1",
                            "addons_config.0.horizontal_pod_autoscaling.#": "0",
                            "addons_config.0.http_load_balancing.#": "0",
                            "addons_config.0.kubernetes_dashboard.#": "1",
                            "addons_config.0.kubernetes_dashboard.0.disabled": "true",
                            "addons_config.0.network_policy_config.#": "1",
                            "addons_config.0.network_policy_config.0.disabled": "true",
                            "cluster_autoscaling.#": "0",
                            "cluster_ipv4_cidr": "10.40.0.0/14",
                            "description": "",
                            "enable_kubernetes_alpha": "false",
                            "enable_legacy_abac": "false",
                            "endpoint": "35.237.22.18",
                            "id": "k8s-demo1",
                            "initial_node_count": "3",
                            "instance_group_urls.#": "1",
                            "instance_group_urls.0": "https://www.googleapis.com/compute/v1/projects/vvdn-cicd/zones/us-east1-b/instanceGroups/gke-k8s-demo1-default-pool-52346033-grp",
                            "ip_allocation_policy.#": "0",
                            "location": "us-east1-b",
                            "logging_service": "logging.googleapis.com",
                            "maintenance_policy.#": "0",
                            "master_auth.#": "1",
                            "master_auth.0.client_certificate": "",
                            "master_auth.0.client_certificate_config.#": "1",
                            "master_auth.0.client_certificate_config.0.issue_client_certificate": "false",
                            "master_auth.0.client_key": "",
                            "master_auth.0.cluster_ca_certificate": "LS0tLS1CRUdJTiBDRVJUSUZJQ0FURS0tLS0tCk1JSURERENDQWZTZ0F3SUJBZ0lSQU9aUjBoOHBLdUtIRmdNZWVvYXVKcVl3RFFZSktvWklodmNOQVFFTEJRQXcKTHpFdE1Dc0dBMVVFQXhNa1pUY3hNelkwT0dJdE4yTXdNQzAwTWpreExXRmxNakF0TlRjMk5HTTFaREJsTkRZMgpNQjRYRFRFNU1EWXlNREEzTXpNeU1Gb1hEVEkwTURZeE9EQTRNek15TUZvd0x6RXRNQ3NHQTFVRUF4TWtaVGN4Ck16WTBPR0l0TjJNd01DMDBNamt4TFdGbE1qQXROVGMyTkdNMVpEQmxORFkyTUlJQklqQU5CZ2txaGtpRzl3MEIKQVFFRkFBT0NBUThBTUlJQkNnS0NBUUVBdlVKWCs5ZXIydzdkWVpqYUNCU3ZVWDhMYnJOVTF5V1AxR1JMRE84cwpwaE4zaUJZRjFUTWFQeHEwb3BVdzRWQnRjVHdFdW9sekJ0NzFhS0hKUzZqcGZIaGx1dVY0WFBpV0tkUENubGVhCnhDekRweVNOQU1SWWpydlV2d3BoNHRZN3dnSHdlMHU5dU5PWGxLeDVsSkY4WGU4ekJMMXNqZnQ3RFZzVGNNeVEKQm03TG5hTUc0TUFnR0R3Qkt5WTBtbU1tSjg3N0pTZ05Ya25nVW1EQ3pKc3FoNXpNR1ZXTVNBUEJLZnJBNTMzMAo1UkZsTTZvZGlFQUhPSVU2SEhhMWRmTXF6M1hROGVaMzNNZ2djM3JCaDVCOHNQbkdLdmljeC9SZ0YrTnhkS0RrCkNtemY3Rk5XSnM4ZUwxWGJISEZiQTNNNzdweUpPTnI3bnRjQnlYTUpybkRPYndJREFRQUJveU13SVRBT0JnTlYKSFE4QkFmOEVCQU1DQWdRd0R3WURWUjBUQVFIL0JBVXdBd0VCL3pBTkJna3Foa2lHOXcwQkFRc0ZBQU9DQVFFQQpKcDkyTUthRFJPVC92NkRCWjA4dnVpdXVTY1Z3NnZYQm5QU3NYWHI5NlZzUkFUb0lnejkvR2VtbkY3Wk9IcFU1CkQwa3JCUUpQbktWcFFMRWxmUEJ4ajVlTHBYY2tWa0dxMFZqVkNleDlHN0Y0Zmd3N0FhMmhZRHZ1QStrY290U1gKSGk1TnJ1cUJEZVpITG5JRnFiUk12VEVYZVlxSXJOdSsxMEthL3h3UGJ6c0FsdWxlQUtKUFg0SVBkRTRmMUFjUwpWMWpNWC9pc21sSUtmSExsYWlFK2ZBZ1dUK2dIcS9vTDdtWE9ydXcvZzk1R0lBNmdFaS9JZS9IWGlHTmlYeFJZCkZtMzNiSDJRRFlSak9zSlJKM0dMazFoc0pTeG9Ca01RU0c2QVZJakVtV0VqYk1MNWJqKzNncVlaZlRDNWxoSFMKVmw2dDNtYmsvS3JSamtIeWltQ1FFdz09Ci0tLS0tRU5EIENFUlRJRklDQVRFLS0tLS0K",
                            "master_auth.0.password": "m8XBWrg2zt8R8JoH",
                            "master_auth.0.username": "admin",
                            "master_authorized_networks_config.#": "0",
                            "master_version": "1.12.8-gke.6",
                            "monitoring_service": "monitoring.googleapis.com",
                            "name": "k8s-demo1",
                            "network": "projects/vvdn-cicd/global/networks/default",
                            "network_policy.#": "1",
                            "network_policy.0.enabled": "false",
                            "network_policy.0.provider": "PROVIDER_UNSPECIFIED",
                            "node_config.#": "1",
                            "node_config.0.disk_size_gb": "100",
                            "node_config.0.disk_type": "pd-standard",
                            "node_config.0.guest_accelerator.#": "0",
                            "node_config.0.image_type": "COS",
                            "node_config.0.labels.%": "0",
                            "node_config.0.local_ssd_count": "0",
                            "node_config.0.machine_type": "n1-standard-1",
                            "node_config.0.metadata.%": "1",
                            "node_config.0.metadata.disable-legacy-endpoints": "true",
                            "node_config.0.min_cpu_platform": "",
                            "node_config.0.oauth_scopes.#": "7",
                            "node_config.0.oauth_scopes.1277378754": "https://www.googleapis.com/auth/monitoring",
                            "node_config.0.oauth_scopes.1632638332": "https://www.googleapis.com/auth/devstorage.read_only",
                            "node_config.0.oauth_scopes.172152165": "https://www.googleapis.com/auth/logging.write",
                            "node_config.0.oauth_scopes.299962681": "https://www.googleapis.com/auth/compute",
                            "node_config.0.oauth_scopes.316356861": "https://www.googleapis.com/auth/service.management.readonly",
                            "node_config.0.oauth_scopes.3663490875": "https://www.googleapis.com/auth/servicecontrol",
                            "node_config.0.oauth_scopes.3859019814": "https://www.googleapis.com/auth/trace.append",
                            "node_config.0.preemptible": "false",
                            "node_config.0.service_account": "default",
                            "node_config.0.tags.#": "0",
                            "node_config.0.taint.#": "0",
                            "node_config.0.workload_metadata_config.#": "0",
                            "node_locations.#": "0",
                            "node_pool.#": "1",
                            "node_pool.0.autoscaling.#": "0",
                            "node_pool.0.initial_node_count": "3",
                            "node_pool.0.instance_group_urls.#": "1",
                            "node_pool.0.instance_group_urls.0": "https://www.googleapis.com/compute/v1/projects/vvdn-cicd/zones/us-east1-b/instanceGroupManagers/gke-k8s-demo1-default-pool-52346033-grp",
                            "node_pool.0.management.#": "1",
                            "node_pool.0.management.0.auto_repair": "false",
                            "node_pool.0.management.0.auto_upgrade": "false",
                            "node_pool.0.max_pods_per_node": "0",
                            "node_pool.0.name": "default-pool",
                            "node_pool.0.name_prefix": "",
                            "node_pool.0.node_config.#": "1",
                            "node_pool.0.node_config.0.disk_size_gb": "100",
                            "node_pool.0.node_config.0.disk_type": "pd-standard",
                            "node_pool.0.node_config.0.guest_accelerator.#": "0",
                            "node_pool.0.node_config.0.image_type": "COS",
                            "node_pool.0.node_config.0.labels.%": "0",
                            "node_pool.0.node_config.0.local_ssd_count": "0",
                            "node_pool.0.node_config.0.machine_type": "n1-standard-1",
                            "node_pool.0.node_config.0.metadata.%": "1",
                            "node_pool.0.node_config.0.metadata.disable-legacy-endpoints": "true",
                            "node_pool.0.node_config.0.min_cpu_platform": "",
                            "node_pool.0.node_config.0.oauth_scopes.#": "7",
                            "node_pool.0.node_config.0.oauth_scopes.1277378754": "https://www.googleapis.com/auth/monitoring",
                            "node_pool.0.node_config.0.oauth_scopes.1632638332": "https://www.googleapis.com/auth/devstorage.read_only",
                            "node_pool.0.node_config.0.oauth_scopes.172152165": "https://www.googleapis.com/auth/logging.write",
                            "node_pool.0.node_config.0.oauth_scopes.299962681": "https://www.googleapis.com/auth/compute",
                            "node_pool.0.node_config.0.oauth_scopes.316356861": "https://www.googleapis.com/auth/service.management.readonly",
                            "node_pool.0.node_config.0.oauth_scopes.3663490875": "https://www.googleapis.com/auth/servicecontrol",
                            "node_pool.0.node_config.0.oauth_scopes.3859019814": "https://www.googleapis.com/auth/trace.append",
                            "node_pool.0.node_config.0.preemptible": "false",
                            "node_pool.0.node_config.0.service_account": "default",
                            "node_pool.0.node_config.0.tags.#": "0",
                            "node_pool.0.node_config.0.taint.#": "0",
                            "node_pool.0.node_config.0.workload_metadata_config.#": "0",
                            "node_pool.0.node_count": "3",
                            "node_pool.0.version": "1.12.8-gke.6",
                            "node_version": "1.12.8-gke.6",
                            "private_cluster_config.#": "0",
                            "project": "vvdn-cicd",
                            "resource_labels.%": "0",
                            "services_ipv4_cidr": "10.43.240.0/20",
                            "subnetwork": "projects/vvdn-cicd/regions/us-east1/subnetworks/default",
                            "zone": "us-east1-b"
                        },
                        "meta": {
                            "e2bfb730-ecaa-11e6-8f88-34363bc7c4c0": {
                                "create": 1800000000000,
                                "delete": 1800000000000,
                                "update": 1800000000000
                            },
                            "schema_version": "1"
                        },
                        "tainted": false
                    },
                    "deposed": [],
                    "provider": "module.gke.provider.google"
                }
            },
            "depends_on": []
        },
        {
            "path": [
                "root",
                "k8s"
            ],
            "outputs": {},
            "resources": {
                "kubernetes_replication_controller.frontend": {
                    "type": "kubernetes_replication_controller",
                    "depends_on": [],
                    "primary": {
                        "id": "default/frontend",
                        "attributes": {
                            "id": "default/frontend",
                            "metadata.#": "1",
                            "metadata.0.annotations.%": "0",
                            "metadata.0.generate_name": "",
                            "metadata.0.generation": "1",
                            "metadata.0.labels.%": "2",
                            "metadata.0.labels.app": "guestbook",
                            "metadata.0.labels.tier": "frontend",
                            "metadata.0.name": "frontend",
                            "metadata.0.namespace": "default",
                            "metadata.0.resource_version": "703",
                            "metadata.0.self_link": "/api/v1/namespaces/default/replicationcontrollers/frontend",
                            "metadata.0.uid": "78b32aa5-9336-11e9-8df6-42010a8e007b",
                            "spec.#": "1",
                            "spec.0.min_ready_seconds": "0",
                            "spec.0.replicas": "3",
                            "spec.0.selector.%": "2",
                            "spec.0.selector.app": "guestbook",
                            "spec.0.selector.tier": "frontend",
                            "spec.0.template.#": "1",
                            "spec.0.template.0.active_deadline_seconds": "0",
                            "spec.0.template.0.affinity.#": "0",
                            "spec.0.template.0.container.#": "1",
                            "spec.0.template.0.container.0.args.#": "0",
                            "spec.0.template.0.container.0.command.#": "0",
                            "spec.0.template.0.container.0.env.#": "1",
                            "spec.0.template.0.container.0.env.0.name": "GET_HOSTS_FROM",
                            "spec.0.template.0.container.0.env.0.value": "dns",
                            "spec.0.template.0.container.0.env.0.value_from.#": "0",
                            "spec.0.template.0.container.0.env_from.#": "0",
                            "spec.0.template.0.container.0.image": "gcr.io/google-samples/gb-frontend:v4",
                            "spec.0.template.0.container.0.image_pull_policy": "IfNotPresent",
                            "spec.0.template.0.container.0.lifecycle.#": "0",
                            "spec.0.template.0.container.0.liveness_probe.#": "0",
                            "spec.0.template.0.container.0.name": "php-redis",
                            "spec.0.template.0.container.0.port.#": "1",
                            "spec.0.template.0.container.0.port.0.container_port": "80",
                            "spec.0.template.0.container.0.port.0.host_ip": "",
                            "spec.0.template.0.container.0.port.0.host_port": "0",
                            "spec.0.template.0.container.0.port.0.name": "",
                            "spec.0.template.0.container.0.port.0.protocol": "TCP",
                            "spec.0.template.0.container.0.readiness_probe.#": "0",
                            "spec.0.template.0.container.0.resources.#": "1",
                            "spec.0.template.0.container.0.resources.0.limits.#": "0",
                            "spec.0.template.0.container.0.resources.0.requests.#": "1",
                            "spec.0.template.0.container.0.resources.0.requests.0.cpu": "100m",
                            "spec.0.template.0.container.0.resources.0.requests.0.memory": "100Mi",
                            "spec.0.template.0.container.0.security_context.#": "0",
                            "spec.0.template.0.container.0.stdin": "false",
                            "spec.0.template.0.container.0.stdin_once": "false",
                            "spec.0.template.0.container.0.termination_message_path": "/dev/termination-log",
                            "spec.0.template.0.container.0.tty": "false",
                            "spec.0.template.0.container.0.volume_mount.#": "0",
                            "spec.0.template.0.container.0.working_dir": "",
                            "spec.0.template.0.dns_config.#": "0",
                            "spec.0.template.0.dns_policy": "ClusterFirst",
                            "spec.0.template.0.host_aliases.#": "0",
                            "spec.0.template.0.host_ipc": "false",
                            "spec.0.template.0.host_network": "false",
                            "spec.0.template.0.host_pid": "false",
                            "spec.0.template.0.hostname": "",
                            "spec.0.template.0.image_pull_secrets.#": "0",
                            "spec.0.template.0.init_container.#": "0",
                            "spec.0.template.0.metadata.#": "0",
                            "spec.0.template.0.node_name": "",
                            "spec.0.template.0.node_selector.%": "0",
                            "spec.0.template.0.restart_policy": "Always",
                            "spec.0.template.0.security_context.#": "0",
                            "spec.0.template.0.service_account_name": "",
                            "spec.0.template.0.spec.#": "0",
                            "spec.0.template.0.subdomain": "",
                            "spec.0.template.0.termination_grace_period_seconds": "0",
                            "spec.0.template.0.volume.#": "0"
                        },
                        "meta": {
                            "e2bfb730-ecaa-11e6-8f88-34363bc7c4c0": {
                                "create": 600000000000,
                                "delete": 600000000000,
                                "update": 600000000000
                            }
                        },
                        "tainted": false
                    },
                    "deposed": [],
                    "provider": "module.k8s.provider.kubernetes"
                },
                "kubernetes_replication_controller.frontend2": {
                    "type": "kubernetes_replication_controller",
                    "depends_on": [],
                    "primary": {
                        "id": "default/frontend2",
                        "attributes": {
                            "id": "default/frontend2",
                            "metadata.#": "1",
                            "metadata.0.annotations.%": "0",
                            "metadata.0.generate_name": "",
                            "metadata.0.generation": "1",
                            "metadata.0.labels.%": "2",
                            "metadata.0.labels.app": "guestbook",
                            "metadata.0.labels.tier": "frontend",
                            "metadata.0.name": "frontend2",
                            "metadata.0.namespace": "default",
                            "metadata.0.resource_version": "675",
                            "metadata.0.self_link": "/api/v1/namespaces/default/replicationcontrollers/frontend2",
                            "metadata.0.uid": "787e8ab1-9336-11e9-8df6-42010a8e007b",
                            "spec.#": "1",
                            "spec.0.min_ready_seconds": "0",
                            "spec.0.replicas": "3",
                            "spec.0.selector.%": "2",
                            "spec.0.selector.app": "guestbook",
                            "spec.0.selector.tier": "frontend",
                            "spec.0.template.#": "1",
                            "spec.0.template.0.active_deadline_seconds": "0",
                            "spec.0.template.0.affinity.#": "0",
                            "spec.0.template.0.container.#": "1",
                            "spec.0.template.0.container.0.args.#": "0",
                            "spec.0.template.0.container.0.command.#": "0",
                            "spec.0.template.0.container.0.env.#": "1",
                            "spec.0.template.0.container.0.env.0.name": "GET_HOSTS_FROM",
                            "spec.0.template.0.container.0.env.0.value": "dns",
                            "spec.0.template.0.container.0.env.0.value_from.#": "0",
                            "spec.0.template.0.container.0.env_from.#": "0",
                            "spec.0.template.0.container.0.image": "gcr.io/google-samples/gb-frontend:v4",
                            "spec.0.template.0.container.0.image_pull_policy": "IfNotPresent",
                            "spec.0.template.0.container.0.lifecycle.#": "0",
                            "spec.0.template.0.container.0.liveness_probe.#": "0",
                            "spec.0.template.0.container.0.name": "php-redis",
                            "spec.0.template.0.container.0.port.#": "1",
                            "spec.0.template.0.container.0.port.0.container_port": "80",
                            "spec.0.template.0.container.0.port.0.host_ip": "",
                            "spec.0.template.0.container.0.port.0.host_port": "0",
                            "spec.0.template.0.container.0.port.0.name": "",
                            "spec.0.template.0.container.0.port.0.protocol": "TCP",
                            "spec.0.template.0.container.0.readiness_probe.#": "0",
                            "spec.0.template.0.container.0.resources.#": "1",
                            "spec.0.template.0.container.0.resources.0.limits.#": "0",
                            "spec.0.template.0.container.0.resources.0.requests.#": "1",
                            "spec.0.template.0.container.0.resources.0.requests.0.cpu": "100m",
                            "spec.0.template.0.container.0.resources.0.requests.0.memory": "100Mi",
                            "spec.0.template.0.container.0.security_context.#": "0",
                            "spec.0.template.0.container.0.stdin": "false",
                            "spec.0.template.0.container.0.stdin_once": "false",
                            "spec.0.template.0.container.0.termination_message_path": "/dev/termination-log",
                            "spec.0.template.0.container.0.tty": "false",
                            "spec.0.template.0.container.0.volume_mount.#": "0",
                            "spec.0.template.0.container.0.working_dir": "",
                            "spec.0.template.0.dns_config.#": "0",
                            "spec.0.template.0.dns_policy": "ClusterFirst",
                            "spec.0.template.0.host_aliases.#": "0",
                            "spec.0.template.0.host_ipc": "false",
                            "spec.0.template.0.host_network": "false",
                            "spec.0.template.0.host_pid": "false",
                            "spec.0.template.0.hostname": "",
                            "spec.0.template.0.image_pull_secrets.#": "0",
                            "spec.0.template.0.init_container.#": "0",
                            "spec.0.template.0.metadata.#": "0",
                            "spec.0.template.0.node_name": "",
                            "spec.0.template.0.node_selector.%": "0",
                            "spec.0.template.0.restart_policy": "Always",
                            "spec.0.template.0.security_context.#": "0",
                            "spec.0.template.0.service_account_name": "",
                            "spec.0.template.0.spec.#": "0",
                            "spec.0.template.0.subdomain": "",
                            "spec.0.template.0.termination_grace_period_seconds": "0",
                            "spec.0.template.0.volume.#": "0"
                        },
                        "meta": {
                            "e2bfb730-ecaa-11e6-8f88-34363bc7c4c0": {
                                "create": 600000000000,
                                "delete": 600000000000,
                                "update": 600000000000
                            }
                        },
                        "tainted": false
                    },
                    "deposed": [],
                    "provider": "module.k8s.provider.kubernetes"
                },
                "kubernetes_replication_controller.redis-master": {
                    "type": "kubernetes_replication_controller",
                    "depends_on": [],
                    "primary": {
                        "id": "default/redis-master",
                        "attributes": {
                            "id": "default/redis-master",
                            "metadata.#": "1",
                            "metadata.0.annotations.%": "0",
                            "metadata.0.generate_name": "",
                            "metadata.0.generation": "1",
                            "metadata.0.labels.%": "3",
                            "metadata.0.labels.app": "redis",
                            "metadata.0.labels.role": "master",
                            "metadata.0.labels.tier": "backend",
                            "metadata.0.name": "redis-master",
                            "metadata.0.namespace": "default",
                            "metadata.0.resource_version": "700",
                            "metadata.0.self_link": "/api/v1/namespaces/default/replicationcontrollers/redis-master",
                            "metadata.0.uid": "78b3aaae-9336-11e9-8df6-42010a8e007b",
                            "spec.#": "1",
                            "spec.0.min_ready_seconds": "0",
                            "spec.0.replicas": "1",
                            "spec.0.selector.%": "3",
                            "spec.0.selector.app": "redis",
                            "spec.0.selector.role": "master",
                            "spec.0.selector.tier": "backend",
                            "spec.0.template.#": "1",
                            "spec.0.template.0.active_deadline_seconds": "0",
                            "spec.0.template.0.affinity.#": "0",
                            "spec.0.template.0.container.#": "1",
                            "spec.0.template.0.container.0.args.#": "0",
                            "spec.0.template.0.container.0.command.#": "0",
                            "spec.0.template.0.container.0.env.#": "0",
                            "spec.0.template.0.container.0.env_from.#": "0",
                            "spec.0.template.0.container.0.image": "k8s.gcr.io/redis:e2e",
                            "spec.0.template.0.container.0.image_pull_policy": "IfNotPresent",
                            "spec.0.template.0.container.0.lifecycle.#": "0",
                            "spec.0.template.0.container.0.liveness_probe.#": "0",
                            "spec.0.template.0.container.0.name": "master",
                            "spec.0.template.0.container.0.port.#": "1",
                            "spec.0.template.0.container.0.port.0.container_port": "6379",
                            "spec.0.template.0.container.0.port.0.host_ip": "",
                            "spec.0.template.0.container.0.port.0.host_port": "0",
                            "spec.0.template.0.container.0.port.0.name": "",
                            "spec.0.template.0.container.0.port.0.protocol": "TCP",
                            "spec.0.template.0.container.0.readiness_probe.#": "0",
                            "spec.0.template.0.container.0.resources.#": "1",
                            "spec.0.template.0.container.0.resources.0.limits.#": "0",
                            "spec.0.template.0.container.0.resources.0.requests.#": "1",
                            "spec.0.template.0.container.0.resources.0.requests.0.cpu": "100m",
                            "spec.0.template.0.container.0.resources.0.requests.0.memory": "100Mi",
                            "spec.0.template.0.container.0.security_context.#": "0",
                            "spec.0.template.0.container.0.stdin": "false",
                            "spec.0.template.0.container.0.stdin_once": "false",
                            "spec.0.template.0.container.0.termination_message_path": "/dev/termination-log",
                            "spec.0.template.0.container.0.tty": "false",
                            "spec.0.template.0.container.0.volume_mount.#": "0",
                            "spec.0.template.0.container.0.working_dir": "",
                            "spec.0.template.0.dns_config.#": "0",
                            "spec.0.template.0.dns_policy": "ClusterFirst",
                            "spec.0.template.0.host_aliases.#": "0",
                            "spec.0.template.0.host_ipc": "false",
                            "spec.0.template.0.host_network": "false",
                            "spec.0.template.0.host_pid": "false",
                            "spec.0.template.0.hostname": "",
                            "spec.0.template.0.image_pull_secrets.#": "0",
                            "spec.0.template.0.init_container.#": "0",
                            "spec.0.template.0.metadata.#": "0",
                            "spec.0.template.0.node_name": "",
                            "spec.0.template.0.node_selector.%": "0",
                            "spec.0.template.0.restart_policy": "Always",
                            "spec.0.template.0.security_context.#": "0",
                            "spec.0.template.0.service_account_name": "",
                            "spec.0.template.0.spec.#": "0",
                            "spec.0.template.0.subdomain": "",
                            "spec.0.template.0.termination_grace_period_seconds": "0",
                            "spec.0.template.0.volume.#": "0"
                        },
                        "meta": {
                            "e2bfb730-ecaa-11e6-8f88-34363bc7c4c0": {
                                "create": 600000000000,
                                "delete": 600000000000,
                                "update": 600000000000
                            }
                        },
                        "tainted": false
                    },
                    "deposed": [],
                    "provider": "module.k8s.provider.kubernetes"
                },
                "kubernetes_replication_controller.redis-slave": {
                    "type": "kubernetes_replication_controller",
                    "depends_on": [],
                    "primary": {
                        "id": "default/redis-slave",
                        "attributes": {
                            "id": "default/redis-slave",
                            "metadata.#": "1",
                            "metadata.0.annotations.%": "0",
                            "metadata.0.generate_name": "",
                            "metadata.0.generation": "1",
                            "metadata.0.labels.%": "3",
                            "metadata.0.labels.app": "redis",
                            "metadata.0.labels.role": "slave",
                            "metadata.0.labels.tier": "backend",
                            "metadata.0.name": "redis-slave",
                            "metadata.0.namespace": "default",
                            "metadata.0.resource_version": "692",
                            "metadata.0.self_link": "/api/v1/namespaces/default/replicationcontrollers/redis-slave",
                            "metadata.0.uid": "78886aac-9336-11e9-8df6-42010a8e007b",
                            "spec.#": "1",
                            "spec.0.min_ready_seconds": "0",
                            "spec.0.replicas": "2",
                            "spec.0.selector.%": "3",
                            "spec.0.selector.app": "redis",
                            "spec.0.selector.role": "slave",
                            "spec.0.selector.tier": "backend",
                            "spec.0.template.#": "1",
                            "spec.0.template.0.active_deadline_seconds": "0",
                            "spec.0.template.0.affinity.#": "0",
                            "spec.0.template.0.container.#": "1",
                            "spec.0.template.0.container.0.args.#": "0",
                            "spec.0.template.0.container.0.command.#": "0",
                            "spec.0.template.0.container.0.env.#": "1",
                            "spec.0.template.0.container.0.env.0.name": "GET_HOSTS_FROM",
                            "spec.0.template.0.container.0.env.0.value": "dns",
                            "spec.0.template.0.container.0.env.0.value_from.#": "0",
                            "spec.0.template.0.container.0.env_from.#": "0",
                            "spec.0.template.0.container.0.image": "gcr.io/google_samples/gb-redisslave:v1",
                            "spec.0.template.0.container.0.image_pull_policy": "IfNotPresent",
                            "spec.0.template.0.container.0.lifecycle.#": "0",
                            "spec.0.template.0.container.0.liveness_probe.#": "0",
                            "spec.0.template.0.container.0.name": "slave",
                            "spec.0.template.0.container.0.port.#": "1",
                            "spec.0.template.0.container.0.port.0.container_port": "6379",
                            "spec.0.template.0.container.0.port.0.host_ip": "",
                            "spec.0.template.0.container.0.port.0.host_port": "0",
                            "spec.0.template.0.container.0.port.0.name": "",
                            "spec.0.template.0.container.0.port.0.protocol": "TCP",
                            "spec.0.template.0.container.0.readiness_probe.#": "0",
                            "spec.0.template.0.container.0.resources.#": "1",
                            "spec.0.template.0.container.0.resources.0.limits.#": "0",
                            "spec.0.template.0.container.0.resources.0.requests.#": "1",
                            "spec.0.template.0.container.0.resources.0.requests.0.cpu": "100m",
                            "spec.0.template.0.container.0.resources.0.requests.0.memory": "100Mi",
                            "spec.0.template.0.container.0.security_context.#": "0",
                            "spec.0.template.0.container.0.stdin": "false",
                            "spec.0.template.0.container.0.stdin_once": "false",
                            "spec.0.template.0.container.0.termination_message_path": "/dev/termination-log",
                            "spec.0.template.0.container.0.tty": "false",
                            "spec.0.template.0.container.0.volume_mount.#": "0",
                            "spec.0.template.0.container.0.working_dir": "",
                            "spec.0.template.0.dns_config.#": "0",
                            "spec.0.template.0.dns_policy": "ClusterFirst",
                            "spec.0.template.0.host_aliases.#": "0",
                            "spec.0.template.0.host_ipc": "false",
                            "spec.0.template.0.host_network": "false",
                            "spec.0.template.0.host_pid": "false",
                            "spec.0.template.0.hostname": "",
                            "spec.0.template.0.image_pull_secrets.#": "0",
                            "spec.0.template.0.init_container.#": "0",
                            "spec.0.template.0.metadata.#": "0",
                            "spec.0.template.0.node_name": "",
                            "spec.0.template.0.node_selector.%": "0",
                            "spec.0.template.0.restart_policy": "Always",
                            "spec.0.template.0.security_context.#": "0",
                            "spec.0.template.0.service_account_name": "",
                            "spec.0.template.0.spec.#": "0",
                            "spec.0.template.0.subdomain": "",
                            "spec.0.template.0.termination_grace_period_seconds": "0",
                            "spec.0.template.0.volume.#": "0"
                        },
                        "meta": {
                            "e2bfb730-ecaa-11e6-8f88-34363bc7c4c0": {
                                "create": 600000000000,
                                "delete": 600000000000,
                                "update": 600000000000
                            }
                        },
                        "tainted": false
                    },
                    "deposed": [],
                    "provider": "module.k8s.provider.kubernetes"
                },
                "kubernetes_service.frontend": {
                    "type": "kubernetes_service",
                    "depends_on": [],
                    "primary": {
                        "id": "default/frontend",
                        "attributes": {
                            "id": "default/frontend",
                            "load_balancer_ingress.#": "1",
                            "load_balancer_ingress.0.hostname": "",
                            "load_balancer_ingress.0.ip": "34.74.68.41",
                            "metadata.#": "1",
                            "metadata.0.annotations.%": "0",
                            "metadata.0.generate_name": "",
                            "metadata.0.generation": "0",
                            "metadata.0.labels.%": "2",
                            "metadata.0.labels.app": "guestbook",
                            "metadata.0.labels.tier": "frontend",
                            "metadata.0.name": "frontend",
                            "metadata.0.namespace": "default",
                            "metadata.0.resource_version": "981",
                            "metadata.0.self_link": "/api/v1/namespaces/default/services/frontend",
                            "metadata.0.uid": "787f6526-9336-11e9-8df6-42010a8e007b",
                            "spec.#": "1",
                            "spec.0.cluster_ip": "10.43.248.198",
                            "spec.0.external_ips.#": "0",
                            "spec.0.external_name": "",
                            "spec.0.external_traffic_policy": "Cluster",
                            "spec.0.load_balancer_ip": "",
                            "spec.0.load_balancer_source_ranges.#": "0",
                            "spec.0.port.#": "1",
                            "spec.0.port.0.name": "",
                            "spec.0.port.0.node_port": "30963",
                            "spec.0.port.0.port": "80",
                            "spec.0.port.0.protocol": "TCP",
                            "spec.0.port.0.target_port": "80",
                            "spec.0.publish_not_ready_addresses": "false",
                            "spec.0.selector.%": "2",
                            "spec.0.selector.app": "guestbook",
                            "spec.0.selector.tier": "frontend",
                            "spec.0.session_affinity": "None",
                            "spec.0.type": "LoadBalancer"
                        },
                        "meta": {},
                        "tainted": false
                    },
                    "deposed": [],
                    "provider": "module.k8s.provider.kubernetes"
                },
                "kubernetes_service.frontend2": {
                    "type": "kubernetes_service",
                    "depends_on": [],
                    "primary": {
                        "id": "default/frontend2",
                        "attributes": {
                            "id": "default/frontend2",
                            "load_balancer_ingress.#": "1",
                            "load_balancer_ingress.0.hostname": "",
                            "load_balancer_ingress.0.ip": "35.237.4.136",
                            "metadata.#": "1",
                            "metadata.0.annotations.%": "0",
                            "metadata.0.generate_name": "",
                            "metadata.0.generation": "0",
                            "metadata.0.labels.%": "2",
                            "metadata.0.labels.app": "guestbook",
                            "metadata.0.labels.tier": "frontend",
                            "metadata.0.name": "frontend2",
                            "metadata.0.namespace": "default",
                            "metadata.0.resource_version": "1115",
                            "metadata.0.self_link": "/api/v1/namespaces/default/services/frontend2",
                            "metadata.0.uid": "789240e4-9336-11e9-8df6-42010a8e007b",
                            "spec.#": "1",
                            "spec.0.cluster_ip": "10.43.251.60",
                            "spec.0.external_ips.#": "0",
                            "spec.0.external_name": "",
                            "spec.0.external_traffic_policy": "Cluster",
                            "spec.0.load_balancer_ip": "",
                            "spec.0.load_balancer_source_ranges.#": "0",
                            "spec.0.port.#": "1",
                            "spec.0.port.0.name": "",
                            "spec.0.port.0.node_port": "30192",
                            "spec.0.port.0.port": "80",
                            "spec.0.port.0.protocol": "TCP",
                            "spec.0.port.0.target_port": "80",
                            "spec.0.publish_not_ready_addresses": "false",
                            "spec.0.selector.%": "2",
                            "spec.0.selector.app": "guestbook",
                            "spec.0.selector.tier": "frontend",
                            "spec.0.session_affinity": "None",
                            "spec.0.type": "LoadBalancer"
                        },
                        "meta": {},
                        "tainted": false
                    },
                    "deposed": [],
                    "provider": "module.k8s.provider.kubernetes"
                },
                "kubernetes_service.redis-master": {
                    "type": "kubernetes_service",
                    "depends_on": [],
                    "primary": {
                        "id": "default/redis-master",
                        "attributes": {
                            "id": "default/redis-master",
                            "load_balancer_ingress.#": "0",
                            "metadata.#": "1",
                            "metadata.0.annotations.%": "0",
                            "metadata.0.generate_name": "",
                            "metadata.0.generation": "0",
                            "metadata.0.labels.%": "3",
                            "metadata.0.labels.app": "redis",
                            "metadata.0.labels.role": "master",
                            "metadata.0.labels.tier": "backend",
                            "metadata.0.name": "redis-master",
                            "metadata.0.namespace": "default",
                            "metadata.0.resource_version": "685",
                            "metadata.0.self_link": "/api/v1/namespaces/default/services/redis-master",
                            "metadata.0.uid": "78c3cde4-9336-11e9-8df6-42010a8e007b",
                            "spec.#": "1",
                            "spec.0.cluster_ip": "10.43.247.81",
                            "spec.0.external_ips.#": "0",
                            "spec.0.external_name": "",
                            "spec.0.external_traffic_policy": "",
                            "spec.0.load_balancer_ip": "",
                            "spec.0.load_balancer_source_ranges.#": "0",
                            "spec.0.port.#": "1",
                            "spec.0.port.0.name": "",
                            "spec.0.port.0.node_port": "0",
                            "spec.0.port.0.port": "6379",
                            "spec.0.port.0.protocol": "TCP",
                            "spec.0.port.0.target_port": "6379",
                            "spec.0.publish_not_ready_addresses": "false",
                            "spec.0.selector.%": "3",
                            "spec.0.selector.app": "redis",
                            "spec.0.selector.role": "master",
                            "spec.0.selector.tier": "backend",
                            "spec.0.session_affinity": "None",
                            "spec.0.type": "ClusterIP"
                        },
                        "meta": {},
                        "tainted": false
                    },
                    "deposed": [],
                    "provider": "module.k8s.provider.kubernetes"
                },
                "kubernetes_service.redis-slave": {
                    "type": "kubernetes_service",
                    "depends_on": [],
                    "primary": {
                        "id": "default/redis-slave",
                        "attributes": {
                            "id": "default/redis-slave",
                            "load_balancer_ingress.#": "0",
                            "metadata.#": "1",
                            "metadata.0.annotations.%": "0",
                            "metadata.0.generate_name": "",
                            "metadata.0.generation": "0",
                            "metadata.0.labels.%": "3",
                            "metadata.0.labels.app": "redis",
                            "metadata.0.labels.role": "slave",
                            "metadata.0.labels.tier": "backend",
                            "metadata.0.name": "redis-slave",
                            "metadata.0.namespace": "default",
                            "metadata.0.resource_version": "653",
                            "metadata.0.self_link": "/api/v1/namespaces/default/services/redis-slave",
                            "metadata.0.uid": "787a1e98-9336-11e9-8df6-42010a8e007b",
                            "spec.#": "1",
                            "spec.0.cluster_ip": "10.43.251.177",
                            "spec.0.external_ips.#": "0",
                            "spec.0.external_name": "",
                            "spec.0.external_traffic_policy": "",
                            "spec.0.load_balancer_ip": "",
                            "spec.0.load_balancer_source_ranges.#": "0",
                            "spec.0.port.#": "1",
                            "spec.0.port.0.name": "",
                            "spec.0.port.0.node_port": "0",
                            "spec.0.port.0.port": "6379",
                            "spec.0.port.0.protocol": "TCP",
                            "spec.0.port.0.target_port": "6379",
                            "spec.0.publish_not_ready_addresses": "false",
                            "spec.0.selector.%": "3",
                            "spec.0.selector.app": "redis",
                            "spec.0.selector.role": "slave",
                            "spec.0.selector.tier": "backend",
                            "spec.0.session_affinity": "None",
                            "spec.0.type": "ClusterIP"
                        },
                        "meta": {},
                        "tainted": false
                    },
                    "deposed": [],
                    "provider": "module.k8s.provider.kubernetes"
                }
            },
            "depends_on": []
        }
    ]
}
